// !$*UTF8*$!
{
	archiveVersion = 1;
	classes = {
	};
	objectVersion = 51;
	objects = {

/* Begin PBXBuildFile section */
		040E98B9279C4D0F0070B5E6 /* DWSettingStore.m in Sources */ = {isa = PBXBuildFile; fileRef = 040E98B8279C4D0F0070B5E6 /* DWSettingStore.m */; };
		040E98E7279D81DF0070B5E6 /* DWDiaryWeatherSelectorView.m in Sources */ = {isa = PBXBuildFile; fileRef = 040E98BC279D81DE0070B5E6 /* DWDiaryWeatherSelectorView.m */; };
		040E98E8279D81DF0070B5E6 /* DWDiaryDismissKeyboardButton.m in Sources */ = {isa = PBXBuildFile; fileRef = 040E98BE279D81DE0070B5E6 /* DWDiaryDismissKeyboardButton.m */; };
		040E98E9279D81DF0070B5E6 /* DWDiaryLineImageView.m in Sources */ = {isa = PBXBuildFile; fileRef = 040E98C2279D81DE0070B5E6 /* DWDiaryLineImageView.m */; };
		040E98EA279D81DF0070B5E6 /* DWDiaryEmotionSelectorView.m in Sources */ = {isa = PBXBuildFile; fileRef = 040E98C3279D81DE0070B5E6 /* DWDiaryEmotionSelectorView.m */; };
		040E98EB279D81DF0070B5E6 /* DWDiaryTypingCalendarView.m in Sources */ = {isa = PBXBuildFile; fileRef = 040E98C4279D81DE0070B5E6 /* DWDiaryTypingCalendarView.m */; };
		040E98EC279D81DF0070B5E6 /* DWDiaryTypingView.m in Sources */ = {isa = PBXBuildFile; fileRef = 040E98C5279D81DF0070B5E6 /* DWDiaryTypingView.m */; };
		040E98ED279D81DF0070B5E6 /* DWSettingViewController.m in Sources */ = {isa = PBXBuildFile; fileRef = 040E98C8279D81DF0070B5E6 /* DWSettingViewController.m */; };
		040E98EE279D81DF0070B5E6 /* DWUserInfo.m in Sources */ = {isa = PBXBuildFile; fileRef = 040E98C9279D81DF0070B5E6 /* DWUserInfo.m */; };
		040E98EF279D81DF0070B5E6 /* DWSettingSwitchTableViewCell.m in Sources */ = {isa = PBXBuildFile; fileRef = 040E98CD279D81DF0070B5E6 /* DWSettingSwitchTableViewCell.m */; };
		040E98F0279D81DF0070B5E6 /* DWDiaryCalendarView.m in Sources */ = {isa = PBXBuildFile; fileRef = 040E98CF279D81DF0070B5E6 /* DWDiaryCalendarView.m */; };
		040E98F1279D81DF0070B5E6 /* DWDiaryCalendarScrollView.m in Sources */ = {isa = PBXBuildFile; fileRef = 040E98D2279D81DF0070B5E6 /* DWDiaryCalendarScrollView.m */; };
		040E98F2279D81DF0070B5E6 /* DWDiaryAlertView.m in Sources */ = {isa = PBXBuildFile; fileRef = 040E98D4279D81DF0070B5E6 /* DWDiaryAlertView.m */; };
		040E98F3279D81DF0070B5E6 /* DWDiaryCellContentView.m in Sources */ = {isa = PBXBuildFile; fileRef = 040E98D6279D81DF0070B5E6 /* DWDiaryCellContentView.m */; };
		040E98F4279D81DF0070B5E6 /* DWDiaryTipsView.m in Sources */ = {isa = PBXBuildFile; fileRef = 040E98DA279D81DF0070B5E6 /* DWDiaryTipsView.m */; };
		040E98F5279D81DF0070B5E6 /* DWDiaryContentView.m in Sources */ = {isa = PBXBuildFile; fileRef = 040E98DB279D81DF0070B5E6 /* DWDiaryContentView.m */; };
		040E98F6279D81DF0070B5E6 /* DWDiaryTableViewCell.m in Sources */ = {isa = PBXBuildFile; fileRef = 040E98DC279D81DF0070B5E6 /* DWDiaryTableViewCell.m */; };
		040E98F7279D81DF0070B5E6 /* DWPasswordViewController.m in Sources */ = {isa = PBXBuildFile; fileRef = 040E98DF279D81DF0070B5E6 /* DWPasswordViewController.m */; };
		040E98F8279D81DF0070B5E6 /* DWPasswordNumberButton.m in Sources */ = {isa = PBXBuildFile; fileRef = 040E98E1279D81DF0070B5E6 /* DWPasswordNumberButton.m */; };
		040E98F9279D81DF0070B5E6 /* DWPasswordDisplayView.m in Sources */ = {isa = PBXBuildFile; fileRef = 040E98E2279D81DF0070B5E6 /* DWPasswordDisplayView.m */; };
		040E98FA279D81DF0070B5E6 /* DWPasswordChecker.m in Sources */ = {isa = PBXBuildFile; fileRef = 040E98E5279D81DF0070B5E6 /* DWPasswordChecker.m */; };
		040E98FE279D83610070B5E6 /* Diary_WhatsUrName_.xcdatamodeld in Sources */ = {isa = PBXBuildFile; fileRef = 040E98FC279D83600070B5E6 /* Diary_WhatsUrName_.xcdatamodeld */; };
		042571BF280A61410035977E /* DropDownListPicker.m in Sources */ = {isa = PBXBuildFile; fileRef = 042571BE280A61410035977E /* DropDownListPicker.m */; };
		042571C3280D0C750035977E /* XDSDropDownMenu.m in Sources */ = {isa = PBXBuildFile; fileRef = 042571C2280D0C740035977E /* XDSDropDownMenu.m */; };
		042571C6280D17820035977E /* UIButton+admEdgeInsets.m in Sources */ = {isa = PBXBuildFile; fileRef = 042571C5280D17820035977E /* UIButton+admEdgeInsets.m */; };
		0435BE772818F52000A57998 /* ZZCalculatorViewController.m in Sources */ = {isa = PBXBuildFile; fileRef = 0435BE752818F52000A57998 /* ZZCalculatorViewController.m */; };
		0435BE782818F52000A57998 /* ZZCalculatorViewController.xib in Resources */ = {isa = PBXBuildFile; fileRef = 0435BE762818F52000A57998 /* ZZCalculatorViewController.xib */; };
		0435BE7C28193D7500A57998 /* ZZChooseImageVController.m in Sources */ = {isa = PBXBuildFile; fileRef = 0435BE7B28193D7500A57998 /* ZZChooseImageVController.m */; };
		0450506F2815095E0027A7EA /* MNPickerView.m in Sources */ = {isa = PBXBuildFile; fileRef = 0450506A2815095E0027A7EA /* MNPickerView.m */; };
		045050702815095E0027A7EA /* MNDatePickerView.m in Sources */ = {isa = PBXBuildFile; fileRef = 0450506D2815095E0027A7EA /* MNDatePickerView.m */; };
		0478835F2817FFCF0063DAF8 /* QTDateCalculationHelper.m in Sources */ = {isa = PBXBuildFile; fileRef = 0478835D2817FFCE0063DAF8 /* QTDateCalculationHelper.m */; };
		049E9B6B2799AFDC00C1C376 /* AppDelegate.m in Sources */ = {isa = PBXBuildFile; fileRef = 049E9B6A2799AFDC00C1C376 /* AppDelegate.m */; };
		049E9B712799AFDC00C1C376 /* ViewController.m in Sources */ = {isa = PBXBuildFile; fileRef = 049E9B702799AFDC00C1C376 /* ViewController.m */; };
		049E9B742799AFDC00C1C376 /* Main.storyboard in Resources */ = {isa = PBXBuildFile; fileRef = 049E9B722799AFDC00C1C376 /* Main.storyboard */; };
		049E9B762799AFDF00C1C376 /* Assets.xcassets in Resources */ = {isa = PBXBuildFile; fileRef = 049E9B752799AFDF00C1C376 /* Assets.xcassets */; };
		049E9B792799AFDF00C1C376 /* LaunchScreen.storyboard in Resources */ = {isa = PBXBuildFile; fileRef = 049E9B772799AFDF00C1C376 /* LaunchScreen.storyboard */; };
		049E9B7C2799AFDF00C1C376 /* main.m in Sources */ = {isa = PBXBuildFile; fileRef = 049E9B7B2799AFDF00C1C376 /* main.m */; };
		049E9B862799AFE000C1C376 /* ZZMemorialDayTests.m in Sources */ = {isa = PBXBuildFile; fileRef = 049E9B852799AFE000C1C376 /* ZZMemorialDayTests.m */; };
		049E9B912799AFE000C1C376 /* ZZMemorialDayUITests.m in Sources */ = {isa = PBXBuildFile; fileRef = 049E9B902799AFE000C1C376 /* ZZMemorialDayUITests.m */; };
		04D47C8528128D0800461017 /* NSString+extention.m in Sources */ = {isa = PBXBuildFile; fileRef = 04D47C8428128D0800461017 /* NSString+extention.m */; };
		5FBF2E3CE96E8052F1ADD5BF /* Pods_ZZMemorialDay.framework in Frameworks */ = {isa = PBXBuildFile; fileRef = A2F721D2F2D6A653C0C92A50 /* Pods_ZZMemorialDay.framework */; };
		C97F8B494E2763C50AB7C873 /* Pods_ZZMemorialDay_ZZMemorialDayUITests.framework in Frameworks */ = {isa = PBXBuildFile; fileRef = 9967CA61748E88070F7D7186 /* Pods_ZZMemorialDay_ZZMemorialDayUITests.framework */; };
		E658075E5E054E1E028D8643 /* Pods_ZZMemorialDayTests.framework in Frameworks */ = {isa = PBXBuildFile; fileRef = 13E46DA0ED49D1A73F689B7B /* Pods_ZZMemorialDayTests.framework */; };
/* End PBXBuildFile section */

/* Begin PBXContainerItemProxy section */
		049E9B822799AFE000C1C376 /* PBXContainerItemProxy */ = {
			isa = PBXContainerItemProxy;
			containerPortal = 049E9B5E2799AFDC00C1C376 /* Project object */;
			proxyType = 1;
			remoteGlobalIDString = 049E9B652799AFDC00C1C376;
			remoteInfo = ZZMemorialDay;
		};
		049E9B8D2799AFE000C1C376 /* PBXContainerItemProxy */ = {
			isa = PBXContainerItemProxy;
			containerPortal = 049E9B5E2799AFDC00C1C376 /* Project object */;
			proxyType = 1;
			remoteGlobalIDString = 049E9B652799AFDC00C1C376;
			remoteInfo = ZZMemorialDay;
		};
/* End PBXContainerItemProxy section */

/* Begin PBXFileReference section */
		040E98B7279C4D0E0070B5E6 /* DWSettingStore.h */ = {isa = PBXFileReference; lastKnownFileType = sourcecode.c.h; path = DWSettingStore.h; sourceTree = "<group>"; };
		040E98B8279C4D0F0070B5E6 /* DWSettingStore.m */ = {isa = PBXFileReference; lastKnownFileType = sourcecode.c.objc; path = DWSettingStore.m; sourceTree = "<group>"; };
		040E98BB279D81DE0070B5E6 /* DWDiaryLineImageView.h */ = {isa = PBXFileReference; fileEncoding = 4; lastKnownFileType = sourcecode.c.h; path = DWDiaryLineImageView.h; sourceTree = "<group>"; };
		040E98BC279D81DE0070B5E6 /* DWDiaryWeatherSelectorView.m */ = {isa = PBXFileReference; fileEncoding = 4; lastKnownFileType = sourcecode.c.objc; path = DWDiaryWeatherSelectorView.m; sourceTree = "<group>"; };
		040E98BD279D81DE0070B5E6 /* DWDiaryEmotionSelectorView.h */ = {isa = PBXFileReference; fileEncoding = 4; lastKnownFileType = sourcecode.c.h; path = DWDiaryEmotionSelectorView.h; sourceTree = "<group>"; };
		040E98BE279D81DE0070B5E6 /* DWDiaryDismissKeyboardButton.m */ = {isa = PBXFileReference; fileEncoding = 4; lastKnownFileType = sourcecode.c.objc; path = DWDiaryDismissKeyboardButton.m; sourceTree = "<group>"; };
		040E98BF279D81DE0070B5E6 /* DWDiaryTypingView.h */ = {isa = PBXFileReference; fileEncoding = 4; lastKnownFileType = sourcecode.c.h; path = DWDiaryTypingView.h; sourceTree = "<group>"; };
		040E98C0279D81DE0070B5E6 /* DWDiaryTypingCalendarView.h */ = {isa = PBXFileReference; fileEncoding = 4; lastKnownFileType = sourcecode.c.h; path = DWDiaryTypingCalendarView.h; sourceTree = "<group>"; };
		040E98C1279D81DE0070B5E6 /* DWDiaryWeatherSelectorView.h */ = {isa = PBXFileReference; fileEncoding = 4; lastKnownFileType = sourcecode.c.h; path = DWDiaryWeatherSelectorView.h; sourceTree = "<group>"; };
		040E98C2279D81DE0070B5E6 /* DWDiaryLineImageView.m */ = {isa = PBXFileReference; fileEncoding = 4; lastKnownFileType = sourcecode.c.objc; path = DWDiaryLineImageView.m; sourceTree = "<group>"; };
		040E98C3279D81DE0070B5E6 /* DWDiaryEmotionSelectorView.m */ = {isa = PBXFileReference; fileEncoding = 4; lastKnownFileType = sourcecode.c.objc; path = DWDiaryEmotionSelectorView.m; sourceTree = "<group>"; };
		040E98C4279D81DE0070B5E6 /* DWDiaryTypingCalendarView.m */ = {isa = PBXFileReference; fileEncoding = 4; lastKnownFileType = sourcecode.c.objc; path = DWDiaryTypingCalendarView.m; sourceTree = "<group>"; };
		040E98C5279D81DF0070B5E6 /* DWDiaryTypingView.m */ = {isa = PBXFileReference; fileEncoding = 4; lastKnownFileType = sourcecode.c.objc; path = DWDiaryTypingView.m; sourceTree = "<group>"; };
		040E98C6279D81DF0070B5E6 /* DWDiaryDismissKeyboardButton.h */ = {isa = PBXFileReference; fileEncoding = 4; lastKnownFileType = sourcecode.c.h; path = DWDiaryDismissKeyboardButton.h; sourceTree = "<group>"; };
		040E98C8279D81DF0070B5E6 /* DWSettingViewController.m */ = {isa = PBXFileReference; fileEncoding = 4; lastKnownFileType = sourcecode.c.objc; path = DWSettingViewController.m; sourceTree = "<group>"; };
		040E98C9279D81DF0070B5E6 /* DWUserInfo.m */ = {isa = PBXFileReference; fileEncoding = 4; lastKnownFileType = sourcecode.c.objc; path = DWUserInfo.m; sourceTree = "<group>"; };
		040E98CA279D81DF0070B5E6 /* DWSettingSwitchTableViewCell.h */ = {isa = PBXFileReference; fileEncoding = 4; lastKnownFileType = sourcecode.c.h; path = DWSettingSwitchTableViewCell.h; sourceTree = "<group>"; };
		040E98CB279D81DF0070B5E6 /* DWSettingViewController.h */ = {isa = PBXFileReference; fileEncoding = 4; lastKnownFileType = sourcecode.c.h; path = DWSettingViewController.h; sourceTree = "<group>"; };
		040E98CC279D81DF0070B5E6 /* DWUserInfo.h */ = {isa = PBXFileReference; fileEncoding = 4; lastKnownFileType = sourcecode.c.h; path = DWUserInfo.h; sourceTree = "<group>"; };
		040E98CD279D81DF0070B5E6 /* DWSettingSwitchTableViewCell.m */ = {isa = PBXFileReference; fileEncoding = 4; lastKnownFileType = sourcecode.c.objc; path = DWSettingSwitchTableViewCell.m; sourceTree = "<group>"; };
		040E98CF279D81DF0070B5E6 /* DWDiaryCalendarView.m */ = {isa = PBXFileReference; fileEncoding = 4; lastKnownFileType = sourcecode.c.objc; path = DWDiaryCalendarView.m; sourceTree = "<group>"; };
		040E98D0279D81DF0070B5E6 /* DWDiaryCalendarScrollView.h */ = {isa = PBXFileReference; fileEncoding = 4; lastKnownFileType = sourcecode.c.h; path = DWDiaryCalendarScrollView.h; sourceTree = "<group>"; };
		040E98D1279D81DF0070B5E6 /* DWDiaryCalendarView.h */ = {isa = PBXFileReference; fileEncoding = 4; lastKnownFileType = sourcecode.c.h; path = DWDiaryCalendarView.h; sourceTree = "<group>"; };
		040E98D2279D81DF0070B5E6 /* DWDiaryCalendarScrollView.m */ = {isa = PBXFileReference; fileEncoding = 4; lastKnownFileType = sourcecode.c.objc; path = DWDiaryCalendarScrollView.m; sourceTree = "<group>"; };
		040E98D4279D81DF0070B5E6 /* DWDiaryAlertView.m */ = {isa = PBXFileReference; fileEncoding = 4; lastKnownFileType = sourcecode.c.objc; path = DWDiaryAlertView.m; sourceTree = "<group>"; };
		040E98D5279D81DF0070B5E6 /* DWDiaryTipsView.h */ = {isa = PBXFileReference; fileEncoding = 4; lastKnownFileType = sourcecode.c.h; path = DWDiaryTipsView.h; sourceTree = "<group>"; };
		040E98D6279D81DF0070B5E6 /* DWDiaryCellContentView.m */ = {isa = PBXFileReference; fileEncoding = 4; lastKnownFileType = sourcecode.c.objc; path = DWDiaryCellContentView.m; sourceTree = "<group>"; };
		040E98D7279D81DF0070B5E6 /* DWDiaryTableViewCell.h */ = {isa = PBXFileReference; fileEncoding = 4; lastKnownFileType = sourcecode.c.h; path = DWDiaryTableViewCell.h; sourceTree = "<group>"; };
		040E98D8279D81DF0070B5E6 /* DWDiaryContentView.h */ = {isa = PBXFileReference; fileEncoding = 4; lastKnownFileType = sourcecode.c.h; path = DWDiaryContentView.h; sourceTree = "<group>"; };
		040E98D9279D81DF0070B5E6 /* DWDiaryAlertView.h */ = {isa = PBXFileReference; fileEncoding = 4; lastKnownFileType = sourcecode.c.h; path = DWDiaryAlertView.h; sourceTree = "<group>"; };
		040E98DA279D81DF0070B5E6 /* DWDiaryTipsView.m */ = {isa = PBXFileReference; fileEncoding = 4; lastKnownFileType = sourcecode.c.objc; path = DWDiaryTipsView.m; sourceTree = "<group>"; };
		040E98DB279D81DF0070B5E6 /* DWDiaryContentView.m */ = {isa = PBXFileReference; fileEncoding = 4; lastKnownFileType = sourcecode.c.objc; path = DWDiaryContentView.m; sourceTree = "<group>"; };
		040E98DC279D81DF0070B5E6 /* DWDiaryTableViewCell.m */ = {isa = PBXFileReference; fileEncoding = 4; lastKnownFileType = sourcecode.c.objc; path = DWDiaryTableViewCell.m; sourceTree = "<group>"; };
		040E98DD279D81DF0070B5E6 /* DWDiaryCellContentView.h */ = {isa = PBXFileReference; fileEncoding = 4; lastKnownFileType = sourcecode.c.h; path = DWDiaryCellContentView.h; sourceTree = "<group>"; };
		040E98DF279D81DF0070B5E6 /* DWPasswordViewController.m */ = {isa = PBXFileReference; fileEncoding = 4; lastKnownFileType = sourcecode.c.objc; path = DWPasswordViewController.m; sourceTree = "<group>"; };
		040E98E0279D81DF0070B5E6 /* DWPasswordChecker.h */ = {isa = PBXFileReference; fileEncoding = 4; lastKnownFileType = sourcecode.c.h; path = DWPasswordChecker.h; sourceTree = "<group>"; };
		040E98E1279D81DF0070B5E6 /* DWPasswordNumberButton.m */ = {isa = PBXFileReference; fileEncoding = 4; lastKnownFileType = sourcecode.c.objc; path = DWPasswordNumberButton.m; sourceTree = "<group>"; };
		040E98E2279D81DF0070B5E6 /* DWPasswordDisplayView.m */ = {isa = PBXFileReference; fileEncoding = 4; lastKnownFileType = sourcecode.c.objc; path = DWPasswordDisplayView.m; sourceTree = "<group>"; };
		040E98E3279D81DF0070B5E6 /* DWPasswordViewController.h */ = {isa = PBXFileReference; fileEncoding = 4; lastKnownFileType = sourcecode.c.h; path = DWPasswordViewController.h; sourceTree = "<group>"; };
		040E98E4279D81DF0070B5E6 /* DWPasswordNumberButton.h */ = {isa = PBXFileReference; fileEncoding = 4; lastKnownFileType = sourcecode.c.h; path = DWPasswordNumberButton.h; sourceTree = "<group>"; };
		040E98E5279D81DF0070B5E6 /* DWPasswordChecker.m */ = {isa = PBXFileReference; fileEncoding = 4; lastKnownFileType = sourcecode.c.objc; path = DWPasswordChecker.m; sourceTree = "<group>"; };
		040E98E6279D81DF0070B5E6 /* DWPasswordDisplayView.h */ = {isa = PBXFileReference; fileEncoding = 4; lastKnownFileType = sourcecode.c.h; path = DWPasswordDisplayView.h; sourceTree = "<group>"; };
		040E98FB279D83540070B5E6 /* PrefixHeader.pch */ = {isa = PBXFileReference; lastKnownFileType = sourcecode.c.h; path = PrefixHeader.pch; sourceTree = "<group>"; };
		040E98FD279D83600070B5E6 /* Diary_WhatsUrName_.xcdatamodel */ = {isa = PBXFileReference; lastKnownFileType = wrapper.xcdatamodel; path = Diary_WhatsUrName_.xcdatamodel; sourceTree = "<group>"; };
		042571BD280A61410035977E /* DropDownListPicker.h */ = {isa = PBXFileReference; fileEncoding = 4; lastKnownFileType = sourcecode.c.h; path = DropDownListPicker.h; sourceTree = "<group>"; };
		042571BE280A61410035977E /* DropDownListPicker.m */ = {isa = PBXFileReference; fileEncoding = 4; lastKnownFileType = sourcecode.c.objc; path = DropDownListPicker.m; sourceTree = "<group>"; };
		042571C1280D0C740035977E /* XDSDropDownMenu.h */ = {isa = PBXFileReference; fileEncoding = 4; lastKnownFileType = sourcecode.c.h; path = XDSDropDownMenu.h; sourceTree = "<group>"; };
		042571C2280D0C740035977E /* XDSDropDownMenu.m */ = {isa = PBXFileReference; fileEncoding = 4; lastKnownFileType = sourcecode.c.objc; path = XDSDropDownMenu.m; sourceTree = "<group>"; };
		042571C4280D17810035977E /* UIButton+admEdgeInsets.h */ = {isa = PBXFileReference; fileEncoding = 4; lastKnownFileType = sourcecode.c.h; path = "UIButton+admEdgeInsets.h"; sourceTree = "<group>"; };
		042571C5280D17820035977E /* UIButton+admEdgeInsets.m */ = {isa = PBXFileReference; fileEncoding = 4; lastKnownFileType = sourcecode.c.objc; path = "UIButton+admEdgeInsets.m"; sourceTree = "<group>"; };
		0435BE742818F52000A57998 /* ZZCalculatorViewController.h */ = {isa = PBXFileReference; lastKnownFileType = sourcecode.c.h; path = ZZCalculatorViewController.h; sourceTree = "<group>"; };
		0435BE752818F52000A57998 /* ZZCalculatorViewController.m */ = {isa = PBXFileReference; lastKnownFileType = sourcecode.c.objc; path = ZZCalculatorViewController.m; sourceTree = "<group>"; };
		0435BE762818F52000A57998 /* ZZCalculatorViewController.xib */ = {isa = PBXFileReference; lastKnownFileType = file.xib; path = ZZCalculatorViewController.xib; sourceTree = "<group>"; };
		0435BE7A28193D7500A57998 /* ZZChooseImageVController.h */ = {isa = PBXFileReference; lastKnownFileType = sourcecode.c.h; path = ZZChooseImageVController.h; sourceTree = "<group>"; };
		0435BE7B28193D7500A57998 /* ZZChooseImageVController.m */ = {isa = PBXFileReference; lastKnownFileType = sourcecode.c.objc; path = ZZChooseImageVController.m; sourceTree = "<group>"; };
		0450506A2815095E0027A7EA /* MNPickerView.m */ = {isa = PBXFileReference; fileEncoding = 4; lastKnownFileType = sourcecode.c.objc; path = MNPickerView.m; sourceTree = "<group>"; };
		0450506B2815095E0027A7EA /* MNDatePickerView.h */ = {isa = PBXFileReference; fileEncoding = 4; lastKnownFileType = sourcecode.c.h; path = MNDatePickerView.h; sourceTree = "<group>"; };
		0450506C2815095E0027A7EA /* MNPickerView.h */ = {isa = PBXFileReference; fileEncoding = 4; lastKnownFileType = sourcecode.c.h; path = MNPickerView.h; sourceTree = "<group>"; };
		0450506D2815095E0027A7EA /* MNDatePickerView.m */ = {isa = PBXFileReference; fileEncoding = 4; lastKnownFileType = sourcecode.c.objc; path = MNDatePickerView.m; sourceTree = "<group>"; };
		0450506E2815095E0027A7EA /* MNPickerViewMacros.h */ = {isa = PBXFileReference; fileEncoding = 4; lastKnownFileType = sourcecode.c.h; path = MNPickerViewMacros.h; sourceTree = "<group>"; };
		0478835D2817FFCE0063DAF8 /* QTDateCalculationHelper.m */ = {isa = PBXFileReference; fileEncoding = 4; lastKnownFileType = sourcecode.c.objc; path = QTDateCalculationHelper.m; sourceTree = "<group>"; };
		0478835E2817FFCE0063DAF8 /* QTDateCalculationHelper.h */ = {isa = PBXFileReference; fileEncoding = 4; lastKnownFileType = sourcecode.c.h; path = QTDateCalculationHelper.h; sourceTree = "<group>"; };
		049E9B662799AFDC00C1C376 /* ZZMemorialDay.app */ = {isa = PBXFileReference; explicitFileType = wrapper.application; includeInIndex = 0; path = ZZMemorialDay.app; sourceTree = BUILT_PRODUCTS_DIR; };
		049E9B692799AFDC00C1C376 /* AppDelegate.h */ = {isa = PBXFileReference; lastKnownFileType = sourcecode.c.h; path = AppDelegate.h; sourceTree = "<group>"; };
		049E9B6A2799AFDC00C1C376 /* AppDelegate.m */ = {isa = PBXFileReference; lastKnownFileType = sourcecode.c.objc; path = AppDelegate.m; sourceTree = "<group>"; };
		049E9B6F2799AFDC00C1C376 /* ViewController.h */ = {isa = PBXFileReference; lastKnownFileType = sourcecode.c.h; path = ViewController.h; sourceTree = "<group>"; };
		049E9B702799AFDC00C1C376 /* ViewController.m */ = {isa = PBXFileReference; lastKnownFileType = sourcecode.c.objc; path = ViewController.m; sourceTree = "<group>"; };
		049E9B732799AFDC00C1C376 /* Base */ = {isa = PBXFileReference; lastKnownFileType = file.storyboard; name = Base; path = Base.lproj/Main.storyboard; sourceTree = "<group>"; };
		049E9B752799AFDF00C1C376 /* Assets.xcassets */ = {isa = PBXFileReference; lastKnownFileType = folder.assetcatalog; path = Assets.xcassets; sourceTree = "<group>"; };
		049E9B782799AFDF00C1C376 /* Base */ = {isa = PBXFileReference; lastKnownFileType = file.storyboard; name = Base; path = Base.lproj/LaunchScreen.storyboard; sourceTree = "<group>"; };
		049E9B7A2799AFDF00C1C376 /* Info.plist */ = {isa = PBXFileReference; lastKnownFileType = text.plist.xml; path = Info.plist; sourceTree = "<group>"; };
		049E9B7B2799AFDF00C1C376 /* main.m */ = {isa = PBXFileReference; lastKnownFileType = sourcecode.c.objc; path = main.m; sourceTree = "<group>"; };
		049E9B812799AFE000C1C376 /* ZZMemorialDayTests.xctest */ = {isa = PBXFileReference; explicitFileType = wrapper.cfbundle; includeInIndex = 0; path = ZZMemorialDayTests.xctest; sourceTree = BUILT_PRODUCTS_DIR; };
		049E9B852799AFE000C1C376 /* ZZMemorialDayTests.m */ = {isa = PBXFileReference; lastKnownFileType = sourcecode.c.objc; path = ZZMemorialDayTests.m; sourceTree = "<group>"; };
		049E9B872799AFE000C1C376 /* Info.plist */ = {isa = PBXFileReference; lastKnownFileType = text.plist.xml; path = Info.plist; sourceTree = "<group>"; };
		049E9B8C2799AFE000C1C376 /* ZZMemorialDayUITests.xctest */ = {isa = PBXFileReference; explicitFileType = wrapper.cfbundle; includeInIndex = 0; path = ZZMemorialDayUITests.xctest; sourceTree = BUILT_PRODUCTS_DIR; };
		049E9B902799AFE000C1C376 /* ZZMemorialDayUITests.m */ = {isa = PBXFileReference; lastKnownFileType = sourcecode.c.objc; path = ZZMemorialDayUITests.m; sourceTree = "<group>"; };
		049E9B922799AFE000C1C376 /* Info.plist */ = {isa = PBXFileReference; lastKnownFileType = text.plist.xml; path = Info.plist; sourceTree = "<group>"; };
		04D47C8328128D0800461017 /* NSString+extention.h */ = {isa = PBXFileReference; lastKnownFileType = sourcecode.c.h; path = "NSString+extention.h"; sourceTree = "<group>"; };
		04D47C8428128D0800461017 /* NSString+extention.m */ = {isa = PBXFileReference; lastKnownFileType = sourcecode.c.objc; path = "NSString+extention.m"; sourceTree = "<group>"; };
		13E46DA0ED49D1A73F689B7B /* Pods_ZZMemorialDayTests.framework */ = {isa = PBXFileReference; explicitFileType = wrapper.framework; includeInIndex = 0; path = Pods_ZZMemorialDayTests.framework; sourceTree = BUILT_PRODUCTS_DIR; };
		21DE4141C918D7C853B0D405 /* Pods-ZZMemorialDay-ZZMemorialDayUITests.debug.xcconfig */ = {isa = PBXFileReference; includeInIndex = 1; lastKnownFileType = text.xcconfig; name = "Pods-ZZMemorialDay-ZZMemorialDayUITests.debug.xcconfig"; path = "Target Support Files/Pods-ZZMemorialDay-ZZMemorialDayUITests/Pods-ZZMemorialDay-ZZMemorialDayUITests.debug.xcconfig"; sourceTree = "<group>"; };
		2507AF430BE78CAE4ADEA509 /* Pods-ZZMemorialDayTests.release.xcconfig */ = {isa = PBXFileReference; includeInIndex = 1; lastKnownFileType = text.xcconfig; name = "Pods-ZZMemorialDayTests.release.xcconfig"; path = "Target Support Files/Pods-ZZMemorialDayTests/Pods-ZZMemorialDayTests.release.xcconfig"; sourceTree = "<group>"; };
		64C396B707202FA90A7ADD15 /* Pods-ZZMemorialDay.release.xcconfig */ = {isa = PBXFileReference; includeInIndex = 1; lastKnownFileType = text.xcconfig; name = "Pods-ZZMemorialDay.release.xcconfig"; path = "Target Support Files/Pods-ZZMemorialDay/Pods-ZZMemorialDay.release.xcconfig"; sourceTree = "<group>"; };
		9967CA61748E88070F7D7186 /* Pods_ZZMemorialDay_ZZMemorialDayUITests.framework */ = {isa = PBXFileReference; explicitFileType = wrapper.framework; includeInIndex = 0; path = Pods_ZZMemorialDay_ZZMemorialDayUITests.framework; sourceTree = BUILT_PRODUCTS_DIR; };
		A2F721D2F2D6A653C0C92A50 /* Pods_ZZMemorialDay.framework */ = {isa = PBXFileReference; explicitFileType = wrapper.framework; includeInIndex = 0; path = Pods_ZZMemorialDay.framework; sourceTree = BUILT_PRODUCTS_DIR; };
		A526823CCC47FF0B87A0077B /* Pods-ZZMemorialDay-ZZMemorialDayUITests.release.xcconfig */ = {isa = PBXFileReference; includeInIndex = 1; lastKnownFileType = text.xcconfig; name = "Pods-ZZMemorialDay-ZZMemorialDayUITests.release.xcconfig"; path = "Target Support Files/Pods-ZZMemorialDay-ZZMemorialDayUITests/Pods-ZZMemorialDay-ZZMemorialDayUITests.release.xcconfig"; sourceTree = "<group>"; };
		D9DF9E0AB5E72108F41B5063 /* Pods-ZZMemorialDay.debug.xcconfig */ = {isa = PBXFileReference; includeInIndex = 1; lastKnownFileType = text.xcconfig; name = "Pods-ZZMemorialDay.debug.xcconfig"; path = "Target Support Files/Pods-ZZMemorialDay/Pods-ZZMemorialDay.debug.xcconfig"; sourceTree = "<group>"; };
		F0651D91342B1F0575165A3D /* Pods-ZZMemorialDayTests.debug.xcconfig */ = {isa = PBXFileReference; includeInIndex = 1; lastKnownFileType = text.xcconfig; name = "Pods-ZZMemorialDayTests.debug.xcconfig"; path = "Target Support Files/Pods-ZZMemorialDayTests/Pods-ZZMemorialDayTests.debug.xcconfig"; sourceTree = "<group>"; };
/* End PBXFileReference section */

/* Begin PBXFrameworksBuildPhase section */
		049E9B632799AFDC00C1C376 /* Frameworks */ = {
			isa = PBXFrameworksBuildPhase;
			buildActionMask = 2147483647;
			files = (
				5FBF2E3CE96E8052F1ADD5BF /* Pods_ZZMemorialDay.framework in Frameworks */,
			);
			runOnlyForDeploymentPostprocessing = 0;
		};
		049E9B7E2799AFE000C1C376 /* Frameworks */ = {
			isa = PBXFrameworksBuildPhase;
			buildActionMask = 2147483647;
			files = (
				E658075E5E054E1E028D8643 /* Pods_ZZMemorialDayTests.framework in Frameworks */,
			);
			runOnlyForDeploymentPostprocessing = 0;
		};
		049E9B892799AFE000C1C376 /* Frameworks */ = {
			isa = PBXFrameworksBuildPhase;
			buildActionMask = 2147483647;
			files = (
				C97F8B494E2763C50AB7C873 /* Pods_ZZMemorialDay_ZZMemorialDayUITests.framework in Frameworks */,
			);
			runOnlyForDeploymentPostprocessing = 0;
		};
/* End PBXFrameworksBuildPhase section */

/* Begin PBXGroup section */
		040E98BA279D81DE0070B5E6 /* Editor */ = {
			isa = PBXGroup;
			children = (
				040E98C6279D81DF0070B5E6 /* DWDiaryDismissKeyboardButton.h */,
				040E98BE279D81DE0070B5E6 /* DWDiaryDismissKeyboardButton.m */,
				040E98BD279D81DE0070B5E6 /* DWDiaryEmotionSelectorView.h */,
				040E98C3279D81DE0070B5E6 /* DWDiaryEmotionSelectorView.m */,
				040E98BB279D81DE0070B5E6 /* DWDiaryLineImageView.h */,
				040E98C2279D81DE0070B5E6 /* DWDiaryLineImageView.m */,
				040E98C0279D81DE0070B5E6 /* DWDiaryTypingCalendarView.h */,
				040E98C4279D81DE0070B5E6 /* DWDiaryTypingCalendarView.m */,
				040E98BF279D81DE0070B5E6 /* DWDiaryTypingView.h */,
				040E98C5279D81DF0070B5E6 /* DWDiaryTypingView.m */,
				040E98C1279D81DE0070B5E6 /* DWDiaryWeatherSelectorView.h */,
				040E98BC279D81DE0070B5E6 /* DWDiaryWeatherSelectorView.m */,
			);
			path = Editor;
			sourceTree = "<group>";
		};
		040E98C7279D81DF0070B5E6 /* Setting */ = {
			isa = PBXGroup;
			children = (
				040E98C8279D81DF0070B5E6 /* DWSettingViewController.m */,
				040E98C9279D81DF0070B5E6 /* DWUserInfo.m */,
				040E98CA279D81DF0070B5E6 /* DWSettingSwitchTableViewCell.h */,
				040E98CB279D81DF0070B5E6 /* DWSettingViewController.h */,
				040E98CC279D81DF0070B5E6 /* DWUserInfo.h */,
				040E98CD279D81DF0070B5E6 /* DWSettingSwitchTableViewCell.m */,
			);
			path = Setting;
			sourceTree = "<group>";
		};
		040E98CE279D81DF0070B5E6 /* Calendar */ = {
			isa = PBXGroup;
			children = (
				040E98CF279D81DF0070B5E6 /* DWDiaryCalendarView.m */,
				040E98D0279D81DF0070B5E6 /* DWDiaryCalendarScrollView.h */,
				040E98D1279D81DF0070B5E6 /* DWDiaryCalendarView.h */,
				040E98D2279D81DF0070B5E6 /* DWDiaryCalendarScrollView.m */,
			);
			path = Calendar;
			sourceTree = "<group>";
		};
		040E98D3279D81DF0070B5E6 /* List */ = {
			isa = PBXGroup;
			children = (
				040E98D4279D81DF0070B5E6 /* DWDiaryAlertView.m */,
				040E98D5279D81DF0070B5E6 /* DWDiaryTipsView.h */,
				040E98D6279D81DF0070B5E6 /* DWDiaryCellContentView.m */,
				040E98D7279D81DF0070B5E6 /* DWDiaryTableViewCell.h */,
				040E98D8279D81DF0070B5E6 /* DWDiaryContentView.h */,
				040E98D9279D81DF0070B5E6 /* DWDiaryAlertView.h */,
				040E98DA279D81DF0070B5E6 /* DWDiaryTipsView.m */,
				040E98DB279D81DF0070B5E6 /* DWDiaryContentView.m */,
				040E98DC279D81DF0070B5E6 /* DWDiaryTableViewCell.m */,
				040E98DD279D81DF0070B5E6 /* DWDiaryCellContentView.h */,
			);
			path = List;
			sourceTree = "<group>";
		};
		040E98DE279D81DF0070B5E6 /* Safe */ = {
			isa = PBXGroup;
			children = (
				040E98DF279D81DF0070B5E6 /* DWPasswordViewController.m */,
				040E98E0279D81DF0070B5E6 /* DWPasswordChecker.h */,
				040E98E1279D81DF0070B5E6 /* DWPasswordNumberButton.m */,
				040E98E2279D81DF0070B5E6 /* DWPasswordDisplayView.m */,
				040E98E3279D81DF0070B5E6 /* DWPasswordViewController.h */,
				040E98E4279D81DF0070B5E6 /* DWPasswordNumberButton.h */,
				040E98E5279D81DF0070B5E6 /* DWPasswordChecker.m */,
				040E98E6279D81DF0070B5E6 /* DWPasswordDisplayView.h */,
			);
			path = Safe;
			sourceTree = "<group>";
		};
		042571BC280A61080035977E /* tool */ = {
			isa = PBXGroup;
			children = (
				0478835C2817FFCE0063DAF8 /* QTDateCalculationHelper */,
				045050692815095E0027A7EA /* MNPickerView */,
				042571C4280D17810035977E /* UIButton+admEdgeInsets.h */,
				042571C5280D17820035977E /* UIButton+admEdgeInsets.m */,
				042571C0280D0C740035977E /* XDSDropDownMenu */,
				042571BD280A61410035977E /* DropDownListPicker.h */,
				042571BE280A61410035977E /* DropDownListPicker.m */,
				04D47C8328128D0800461017 /* NSString+extention.h */,
				04D47C8428128D0800461017 /* NSString+extention.m */,
			);
			path = tool;
			sourceTree = "<group>";
		};
		042571C0280D0C740035977E /* XDSDropDownMenu */ = {
			isa = PBXGroup;
			children = (
				042571C1280D0C740035977E /* XDSDropDownMenu.h */,
				042571C2280D0C740035977E /* XDSDropDownMenu.m */,
			);
			path = XDSDropDownMenu;
			sourceTree = "<group>";
		};
		0435BE702818D65200A57998 /* Calculator */ = {
			isa = PBXGroup;
			children = (
				0435BE742818F52000A57998 /* ZZCalculatorViewController.h */,
				0435BE752818F52000A57998 /* ZZCalculatorViewController.m */,
				0435BE762818F52000A57998 /* ZZCalculatorViewController.xib */,
			);
			path = Calculator;
			sourceTree = "<group>";
		};
		0435BE7928193D5400A57998 /* ZZChooseImage */ = {
			isa = PBXGroup;
			children = (
				0435BE7A28193D7500A57998 /* ZZChooseImageVController.h */,
				0435BE7B28193D7500A57998 /* ZZChooseImageVController.m */,
			);
			name = ZZChooseImage;
			path = ZZMemorialDay/ZZChooseImage;
			sourceTree = SOURCE_ROOT;
		};
		045050692815095E0027A7EA /* MNPickerView */ = {
			isa = PBXGroup;
			children = (
				0450506A2815095E0027A7EA /* MNPickerView.m */,
				0450506B2815095E0027A7EA /* MNDatePickerView.h */,
				0450506C2815095E0027A7EA /* MNPickerView.h */,
				0450506D2815095E0027A7EA /* MNDatePickerView.m */,
				0450506E2815095E0027A7EA /* MNPickerViewMacros.h */,
			);
			path = MNPickerView;
			sourceTree = "<group>";
		};
		0478835C2817FFCE0063DAF8 /* QTDateCalculationHelper */ = {
			isa = PBXGroup;
			children = (
				0478835D2817FFCE0063DAF8 /* QTDateCalculationHelper.m */,
				0478835E2817FFCE0063DAF8 /* QTDateCalculationHelper.h */,
			);
			path = QTDateCalculationHelper;
			sourceTree = "<group>";
		};
		049E9B5D2799AFDC00C1C376 = {
			isa = PBXGroup;
			children = (
				049E9B682799AFDC00C1C376 /* ZZMemorialDay */,
				049E9B842799AFE000C1C376 /* ZZMemorialDayTests */,
				049E9B8F2799AFE000C1C376 /* ZZMemorialDayUITests */,
				049E9B672799AFDC00C1C376 /* Products */,
				965E793B1C2EAF549AC4D6D4 /* Pods */,
				B470BE959783A36551F5F003 /* Frameworks */,
			);
			sourceTree = "<group>";
		};
		049E9B672799AFDC00C1C376 /* Products */ = {
			isa = PBXGroup;
			children = (
				049E9B662799AFDC00C1C376 /* ZZMemorialDay.app */,
				049E9B812799AFE000C1C376 /* ZZMemorialDayTests.xctest */,
				049E9B8C2799AFE000C1C376 /* ZZMemorialDayUITests.xctest */,
			);
			name = Products;
			sourceTree = "<group>";
		};
		049E9B682799AFDC00C1C376 /* ZZMemorialDay */ = {
			isa = PBXGroup;
			children = (
				040E98FC279D83600070B5E6 /* Diary_WhatsUrName_.xcdatamodeld */,
				049E9B692799AFDC00C1C376 /* AppDelegate.h */,
				049E9B6A2799AFDC00C1C376 /* AppDelegate.m */,
				049E9B6F2799AFDC00C1C376 /* ViewController.h */,
				049E9B702799AFDC00C1C376 /* ViewController.m */,
				040E98B7279C4D0E0070B5E6 /* DWSettingStore.h */,
				040E98B8279C4D0F0070B5E6 /* DWSettingStore.m */,
				040E98CE279D81DF0070B5E6 /* Calendar */,
				040E98BA279D81DE0070B5E6 /* Editor */,
				040E98D3279D81DF0070B5E6 /* List */,
				040E98DE279D81DF0070B5E6 /* Safe */,
				040E98C7279D81DF0070B5E6 /* Setting */,
				0435BE702818D65200A57998 /* Calculator */,
				0435BE7928193D5400A57998 /* ZZChooseImage */,
				042571BC280A61080035977E /* tool */,
				049E9B722799AFDC00C1C376 /* Main.storyboard */,
				049E9B752799AFDF00C1C376 /* Assets.xcassets */,
				049E9B772799AFDF00C1C376 /* LaunchScreen.storyboard */,
				049E9B7A2799AFDF00C1C376 /* Info.plist */,
				049E9B7B2799AFDF00C1C376 /* main.m */,
				040E98FB279D83540070B5E6 /* PrefixHeader.pch */,
			);
			path = ZZMemorialDay;
			sourceTree = "<group>";
		};
		049E9B842799AFE000C1C376 /* ZZMemorialDayTests */ = {
			isa = PBXGroup;
			children = (
				049E9B852799AFE000C1C376 /* ZZMemorialDayTests.m */,
				049E9B872799AFE000C1C376 /* Info.plist */,
			);
			path = ZZMemorialDayTests;
			sourceTree = "<group>";
		};
		049E9B8F2799AFE000C1C376 /* ZZMemorialDayUITests */ = {
			isa = PBXGroup;
			children = (
				049E9B902799AFE000C1C376 /* ZZMemorialDayUITests.m */,
				049E9B922799AFE000C1C376 /* Info.plist */,
			);
			path = ZZMemorialDayUITests;
			sourceTree = "<group>";
		};
		965E793B1C2EAF549AC4D6D4 /* Pods */ = {
			isa = PBXGroup;
			children = (
				D9DF9E0AB5E72108F41B5063 /* Pods-ZZMemorialDay.debug.xcconfig */,
				64C396B707202FA90A7ADD15 /* Pods-ZZMemorialDay.release.xcconfig */,
				21DE4141C918D7C853B0D405 /* Pods-ZZMemorialDay-ZZMemorialDayUITests.debug.xcconfig */,
				A526823CCC47FF0B87A0077B /* Pods-ZZMemorialDay-ZZMemorialDayUITests.release.xcconfig */,
				F0651D91342B1F0575165A3D /* Pods-ZZMemorialDayTests.debug.xcconfig */,
				2507AF430BE78CAE4ADEA509 /* Pods-ZZMemorialDayTests.release.xcconfig */,
			);
			path = Pods;
			sourceTree = "<group>";
		};
		B470BE959783A36551F5F003 /* Frameworks */ = {
			isa = PBXGroup;
			children = (
				A2F721D2F2D6A653C0C92A50 /* Pods_ZZMemorialDay.framework */,
				9967CA61748E88070F7D7186 /* Pods_ZZMemorialDay_ZZMemorialDayUITests.framework */,
				13E46DA0ED49D1A73F689B7B /* Pods_ZZMemorialDayTests.framework */,
			);
			name = Frameworks;
			sourceTree = "<group>";
		};
/* End PBXGroup section */

/* Begin PBXNativeTarget section */
		049E9B652799AFDC00C1C376 /* ZZMemorialDay */ = {
			isa = PBXNativeTarget;
			buildConfigurationList = 049E9B952799AFE000C1C376 /* Build configuration list for PBXNativeTarget "ZZMemorialDay" */;
			buildPhases = (
				6B2AD97DDE41A0106E399C12 /* [CP] Check Pods Manifest.lock */,
				049E9B622799AFDC00C1C376 /* Sources */,
				049E9B632799AFDC00C1C376 /* Frameworks */,
				049E9B642799AFDC00C1C376 /* Resources */,
				F7FD8BBDB380600DBECA3A9C /* [CP] Embed Pods Frameworks */,
				2622AEE6DC9A3129A48D4D2D /* [CP] Copy Pods Resources */,
			);
			buildRules = (
			);
			dependencies = (
			);
			name = ZZMemorialDay;
			productName = ZZMemorialDay;
			productReference = 049E9B662799AFDC00C1C376 /* ZZMemorialDay.app */;
			productType = "com.apple.product-type.application";
		};
		049E9B802799AFE000C1C376 /* ZZMemorialDayTests */ = {
			isa = PBXNativeTarget;
			buildConfigurationList = 049E9B982799AFE000C1C376 /* Build configuration list for PBXNativeTarget "ZZMemorialDayTests" */;
			buildPhases = (
				F5A4C443510930E8ABA7C58E /* [CP] Check Pods Manifest.lock */,
				049E9B7D2799AFE000C1C376 /* Sources */,
				049E9B7E2799AFE000C1C376 /* Frameworks */,
				049E9B7F2799AFE000C1C376 /* Resources */,
			);
			buildRules = (
			);
			dependencies = (
				049E9B832799AFE000C1C376 /* PBXTargetDependency */,
			);
			name = ZZMemorialDayTests;
			productName = ZZMemorialDayTests;
			productReference = 049E9B812799AFE000C1C376 /* ZZMemorialDayTests.xctest */;
			productType = "com.apple.product-type.bundle.unit-test";
		};
		049E9B8B2799AFE000C1C376 /* ZZMemorialDayUITests */ = {
			isa = PBXNativeTarget;
			buildConfigurationList = 049E9B9B2799AFE000C1C376 /* Build configuration list for PBXNativeTarget "ZZMemorialDayUITests" */;
			buildPhases = (
				BBEE12E17956F0CB895F975D /* [CP] Check Pods Manifest.lock */,
				049E9B882799AFE000C1C376 /* Sources */,
				049E9B892799AFE000C1C376 /* Frameworks */,
				049E9B8A2799AFE000C1C376 /* Resources */,
				4445730912CA88A6D489850F /* [CP] Embed Pods Frameworks */,
				248FA03E6791522841EDE7DE /* [CP] Copy Pods Resources */,
			);
			buildRules = (
			);
			dependencies = (
				049E9B8E2799AFE000C1C376 /* PBXTargetDependency */,
			);
			name = ZZMemorialDayUITests;
			productName = ZZMemorialDayUITests;
			productReference = 049E9B8C2799AFE000C1C376 /* ZZMemorialDayUITests.xctest */;
			productType = "com.apple.product-type.bundle.ui-testing";
		};
/* End PBXNativeTarget section */

/* Begin PBXProject section */
		049E9B5E2799AFDC00C1C376 /* Project object */ = {
			isa = PBXProject;
			attributes = {
				LastUpgradeCheck = 1250;
				TargetAttributes = {
					049E9B652799AFDC00C1C376 = {
						CreatedOnToolsVersion = 12.5;
					};
					049E9B802799AFE000C1C376 = {
						CreatedOnToolsVersion = 12.5;
						TestTargetID = 049E9B652799AFDC00C1C376;
					};
					049E9B8B2799AFE000C1C376 = {
						CreatedOnToolsVersion = 12.5;
						TestTargetID = 049E9B652799AFDC00C1C376;
					};
				};
			};
			buildConfigurationList = 049E9B612799AFDC00C1C376 /* Build configuration list for PBXProject "ZZMemorialDay" */;
			compatibilityVersion = "Xcode 9.3";
			developmentRegion = en;
			hasScannedForEncodings = 0;
			knownRegions = (
				en,
				Base,
			);
			mainGroup = 049E9B5D2799AFDC00C1C376;
			productRefGroup = 049E9B672799AFDC00C1C376 /* Products */;
			projectDirPath = "";
			projectRoot = "";
			targets = (
				049E9B652799AFDC00C1C376 /* ZZMemorialDay */,
				049E9B802799AFE000C1C376 /* ZZMemorialDayTests */,
				049E9B8B2799AFE000C1C376 /* ZZMemorialDayUITests */,
			);
		};
/* End PBXProject section */

/* Begin PBXResourcesBuildPhase section */
		049E9B642799AFDC00C1C376 /* Resources */ = {
			isa = PBXResourcesBuildPhase;
			buildActionMask = 2147483647;
			files = (
				0435BE782818F52000A57998 /* ZZCalculatorViewController.xib in Resources */,
				049E9B792799AFDF00C1C376 /* LaunchScreen.storyboard in Resources */,
				049E9B762799AFDF00C1C376 /* Assets.xcassets in Resources */,
				049E9B742799AFDC00C1C376 /* Main.storyboard in Resources */,
			);
			runOnlyForDeploymentPostprocessing = 0;
		};
		049E9B7F2799AFE000C1C376 /* Resources */ = {
			isa = PBXResourcesBuildPhase;
			buildActionMask = 2147483647;
			files = (
			);
			runOnlyForDeploymentPostprocessing = 0;
		};
		049E9B8A2799AFE000C1C376 /* Resources */ = {
			isa = PBXResourcesBuildPhase;
			buildActionMask = 2147483647;
			files = (
			);
			runOnlyForDeploymentPostprocessing = 0;
		};
/* End PBXResourcesBuildPhase section */

/* Begin PBXShellScriptBuildPhase section */
		248FA03E6791522841EDE7DE /* [CP] Copy Pods Resources */ = {
			isa = PBXShellScriptBuildPhase;
			buildActionMask = 2147483647;
			files = (
			);
			inputFileListPaths = (
				"${PODS_ROOT}/Target Support Files/Pods-ZZMemorialDay-ZZMemorialDayUITests/Pods-ZZMemorialDay-ZZMemorialDayUITests-resources-${CONFIGURATION}-input-files.xcfilelist",
			);
			name = "[CP] Copy Pods Resources";
			outputFileListPaths = (
				"${PODS_ROOT}/Target Support Files/Pods-ZZMemorialDay-ZZMemorialDayUITests/Pods-ZZMemorialDay-ZZMemorialDayUITests-resources-${CONFIGURATION}-output-files.xcfilelist",
			);
			runOnlyForDeploymentPostprocessing = 0;
			shellPath = /bin/sh;
			shellScript = "\"${PODS_ROOT}/Target Support Files/Pods-ZZMemorialDay-ZZMemorialDayUITests/Pods-ZZMemorialDay-ZZMemorialDayUITests-resources.sh\"\n";
			showEnvVarsInLog = 0;
		};
		2622AEE6DC9A3129A48D4D2D /* [CP] Copy Pods Resources */ = {
			isa = PBXShellScriptBuildPhase;
			buildActionMask = 2147483647;
			files = (
			);
			inputFileListPaths = (
				"${PODS_ROOT}/Target Support Files/Pods-ZZMemorialDay/Pods-ZZMemorialDay-resources-${CONFIGURATION}-input-files.xcfilelist",
			);
			name = "[CP] Copy Pods Resources";
			outputFileListPaths = (
				"${PODS_ROOT}/Target Support Files/Pods-ZZMemorialDay/Pods-ZZMemorialDay-resources-${CONFIGURATION}-output-files.xcfilelist",
			);
			runOnlyForDeploymentPostprocessing = 0;
			shellPath = /bin/sh;
			shellScript = "\"${PODS_ROOT}/Target Support Files/Pods-ZZMemorialDay/Pods-ZZMemorialDay-resources.sh\"\n";
			showEnvVarsInLog = 0;
		};
		4445730912CA88A6D489850F /* [CP] Embed Pods Frameworks */ = {
			isa = PBXShellScriptBuildPhase;
			buildActionMask = 2147483647;
			files = (
			);
			inputFileListPaths = (
				"${PODS_ROOT}/Target Support Files/Pods-ZZMemorialDay-ZZMemorialDayUITests/Pods-ZZMemorialDay-ZZMemorialDayUITests-frameworks-${CONFIGURATION}-input-files.xcfilelist",
			);
			name = "[CP] Embed Pods Frameworks";
			outputFileListPaths = (
				"${PODS_ROOT}/Target Support Files/Pods-ZZMemorialDay-ZZMemorialDayUITests/Pods-ZZMemorialDay-ZZMemorialDayUITests-frameworks-${CONFIGURATION}-output-files.xcfilelist",
			);
			runOnlyForDeploymentPostprocessing = 0;
			shellPath = /bin/sh;
			shellScript = "\"${PODS_ROOT}/Target Support Files/Pods-ZZMemorialDay-ZZMemorialDayUITests/Pods-ZZMemorialDay-ZZMemorialDayUITests-frameworks.sh\"\n";
			showEnvVarsInLog = 0;
		};
		6B2AD97DDE41A0106E399C12 /* [CP] Check Pods Manifest.lock */ = {
			isa = PBXShellScriptBuildPhase;
			buildActionMask = 2147483647;
			files = (
			);
			inputFileListPaths = (
			);
			inputPaths = (
				"${PODS_PODFILE_DIR_PATH}/Podfile.lock",
				"${PODS_ROOT}/Manifest.lock",
			);
			name = "[CP] Check Pods Manifest.lock";
			outputFileListPaths = (
			);
			outputPaths = (
				"$(DERIVED_FILE_DIR)/Pods-ZZMemorialDay-checkManifestLockResult.txt",
			);
			runOnlyForDeploymentPostprocessing = 0;
			shellPath = /bin/sh;
			shellScript = "diff \"${PODS_PODFILE_DIR_PATH}/Podfile.lock\" \"${PODS_ROOT}/Manifest.lock\" > /dev/null\nif [ $? != 0 ] ; then\n    # print error to STDERR\n    echo \"error: The sandbox is not in sync with the Podfile.lock. Run 'pod install' or update your CocoaPods installation.\" >&2\n    exit 1\nfi\n# This output is used by Xcode 'outputs' to avoid re-running this script phase.\necho \"SUCCESS\" > \"${SCRIPT_OUTPUT_FILE_0}\"\n";
			showEnvVarsInLog = 0;
		};
		BBEE12E17956F0CB895F975D /* [CP] Check Pods Manifest.lock */ = {
			isa = PBXShellScriptBuildPhase;
			buildActionMask = 2147483647;
			files = (
			);
			inputFileListPaths = (
			);
			inputPaths = (
				"${PODS_PODFILE_DIR_PATH}/Podfile.lock",
				"${PODS_ROOT}/Manifest.lock",
			);
			name = "[CP] Check Pods Manifest.lock";
			outputFileListPaths = (
			);
			outputPaths = (
				"$(DERIVED_FILE_DIR)/Pods-ZZMemorialDay-ZZMemorialDayUITests-checkManifestLockResult.txt",
			);
			runOnlyForDeploymentPostprocessing = 0;
			shellPath = /bin/sh;
			shellScript = "diff \"${PODS_PODFILE_DIR_PATH}/Podfile.lock\" \"${PODS_ROOT}/Manifest.lock\" > /dev/null\nif [ $? != 0 ] ; then\n    # print error to STDERR\n    echo \"error: The sandbox is not in sync with the Podfile.lock. Run 'pod install' or update your CocoaPods installation.\" >&2\n    exit 1\nfi\n# This output is used by Xcode 'outputs' to avoid re-running this script phase.\necho \"SUCCESS\" > \"${SCRIPT_OUTPUT_FILE_0}\"\n";
			showEnvVarsInLog = 0;
		};
		F5A4C443510930E8ABA7C58E /* [CP] Check Pods Manifest.lock */ = {
			isa = PBXShellScriptBuildPhase;
			buildActionMask = 2147483647;
			files = (
			);
			inputFileListPaths = (
			);
			inputPaths = (
				"${PODS_PODFILE_DIR_PATH}/Podfile.lock",
				"${PODS_ROOT}/Manifest.lock",
			);
			name = "[CP] Check Pods Manifest.lock";
			outputFileListPaths = (
			);
			outputPaths = (
				"$(DERIVED_FILE_DIR)/Pods-ZZMemorialDayTests-checkManifestLockResult.txt",
			);
			runOnlyForDeploymentPostprocessing = 0;
			shellPath = /bin/sh;
			shellScript = "diff \"${PODS_PODFILE_DIR_PATH}/Podfile.lock\" \"${PODS_ROOT}/Manifest.lock\" > /dev/null\nif [ $? != 0 ] ; then\n    # print error to STDERR\n    echo \"error: The sandbox is not in sync with the Podfile.lock. Run 'pod install' or update your CocoaPods installation.\" >&2\n    exit 1\nfi\n# This output is used by Xcode 'outputs' to avoid re-running this script phase.\necho \"SUCCESS\" > \"${SCRIPT_OUTPUT_FILE_0}\"\n";
			showEnvVarsInLog = 0;
		};
		F7FD8BBDB380600DBECA3A9C /* [CP] Embed Pods Frameworks */ = {
			isa = PBXShellScriptBuildPhase;
			buildActionMask = 2147483647;
			files = (
			);
			inputFileListPaths = (
				"${PODS_ROOT}/Target Support Files/Pods-ZZMemorialDay/Pods-ZZMemorialDay-frameworks-${CONFIGURATION}-input-files.xcfilelist",
			);
			name = "[CP] Embed Pods Frameworks";
			outputFileListPaths = (
				"${PODS_ROOT}/Target Support Files/Pods-ZZMemorialDay/Pods-ZZMemorialDay-frameworks-${CONFIGURATION}-output-files.xcfilelist",
			);
			runOnlyForDeploymentPostprocessing = 0;
			shellPath = /bin/sh;
			shellScript = "\"${PODS_ROOT}/Target Support Files/Pods-ZZMemorialDay/Pods-ZZMemorialDay-frameworks.sh\"\n";
			showEnvVarsInLog = 0;
		};
/* End PBXShellScriptBuildPhase section */

/* Begin PBXSourcesBuildPhase section */
		049E9B622799AFDC00C1C376 /* Sources */ = {
			isa = PBXSourcesBuildPhase;
			buildActionMask = 2147483647;
			files = (
				04D47C8528128D0800461017 /* NSString+extention.m in Sources */,
				040E98F6279D81DF0070B5E6 /* DWDiaryTableViewCell.m in Sources */,
				040E98FA279D81DF0070B5E6 /* DWPasswordChecker.m in Sources */,
				040E98E7279D81DF0070B5E6 /* DWDiaryWeatherSelectorView.m in Sources */,
				042571C3280D0C750035977E /* XDSDropDownMenu.m in Sources */,
				049E9B712799AFDC00C1C376 /* ViewController.m in Sources */,
				0478835F2817FFCF0063DAF8 /* QTDateCalculationHelper.m in Sources */,
				040E98ED279D81DF0070B5E6 /* DWSettingViewController.m in Sources */,
				040E98F1279D81DF0070B5E6 /* DWDiaryCalendarScrollView.m in Sources */,
				040E98F2279D81DF0070B5E6 /* DWDiaryAlertView.m in Sources */,
				040E98EA279D81DF0070B5E6 /* DWDiaryEmotionSelectorView.m in Sources */,
				040E98B9279C4D0F0070B5E6 /* DWSettingStore.m in Sources */,
				040E98F0279D81DF0070B5E6 /* DWDiaryCalendarView.m in Sources */,
				040E98EE279D81DF0070B5E6 /* DWUserInfo.m in Sources */,
				040E98F8279D81DF0070B5E6 /* DWPasswordNumberButton.m in Sources */,
				042571C6280D17820035977E /* UIButton+admEdgeInsets.m in Sources */,
				040E98E9279D81DF0070B5E6 /* DWDiaryLineImageView.m in Sources */,
				049E9B6B2799AFDC00C1C376 /* AppDelegate.m in Sources */,
				0450506F2815095E0027A7EA /* MNPickerView.m in Sources */,
				0435BE7C28193D7500A57998 /* ZZChooseImageVController.m in Sources */,
				0435BE772818F52000A57998 /* ZZCalculatorViewController.m in Sources */,
				040E98EF279D81DF0070B5E6 /* DWSettingSwitchTableViewCell.m in Sources */,
				040E98E8279D81DF0070B5E6 /* DWDiaryDismissKeyboardButton.m in Sources */,
				040E98F5279D81DF0070B5E6 /* DWDiaryContentView.m in Sources */,
				040E98FE279D83610070B5E6 /* Diary_WhatsUrName_.xcdatamodeld in Sources */,
				040E98F4279D81DF0070B5E6 /* DWDiaryTipsView.m in Sources */,
				049E9B7C2799AFDF00C1C376 /* main.m in Sources */,
				045050702815095E0027A7EA /* MNDatePickerView.m in Sources */,
				040E98EC279D81DF0070B5E6 /* DWDiaryTypingView.m in Sources */,
				040E98F7279D81DF0070B5E6 /* DWPasswordViewController.m in Sources */,
				042571BF280A61410035977E /* DropDownListPicker.m in Sources */,
				040E98F3279D81DF0070B5E6 /* DWDiaryCellContentView.m in Sources */,
				040E98F9279D81DF0070B5E6 /* DWPasswordDisplayView.m in Sources */,
				040E98EB279D81DF0070B5E6 /* DWDiaryTypingCalendarView.m in Sources */,
			);
			runOnlyForDeploymentPostprocessing = 0;
		};
		049E9B7D2799AFE000C1C376 /* Sources */ = {
			isa = PBXSourcesBuildPhase;
			buildActionMask = 2147483647;
			files = (
				049E9B862799AFE000C1C376 /* ZZMemorialDayTests.m in Sources */,
			);
			runOnlyForDeploymentPostprocessing = 0;
		};
		049E9B882799AFE000C1C376 /* Sources */ = {
			isa = PBXSourcesBuildPhase;
			buildActionMask = 2147483647;
			files = (
				049E9B912799AFE000C1C376 /* ZZMemorialDayUITests.m in Sources */,
			);
			runOnlyForDeploymentPostprocessing = 0;
		};
/* End PBXSourcesBuildPhase section */

/* Begin PBXTargetDependency section */
		049E9B832799AFE000C1C376 /* PBXTargetDependency */ = {
			isa = PBXTargetDependency;
			target = 049E9B652799AFDC00C1C376 /* ZZMemorialDay */;
			targetProxy = 049E9B822799AFE000C1C376 /* PBXContainerItemProxy */;
		};
		049E9B8E2799AFE000C1C376 /* PBXTargetDependency */ = {
			isa = PBXTargetDependency;
			target = 049E9B652799AFDC00C1C376 /* ZZMemorialDay */;
			targetProxy = 049E9B8D2799AFE000C1C376 /* PBXContainerItemProxy */;
		};
/* End PBXTargetDependency section */

/* Begin PBXVariantGroup section */
		049E9B722799AFDC00C1C376 /* Main.storyboard */ = {
			isa = PBXVariantGroup;
			children = (
				049E9B732799AFDC00C1C376 /* Base */,
			);
			name = Main.storyboard;
			sourceTree = "<group>";
		};
		049E9B772799AFDF00C1C376 /* LaunchScreen.storyboard */ = {
			isa = PBXVariantGroup;
			children = (
				049E9B782799AFDF00C1C376 /* Base */,
			);
			name = LaunchScreen.storyboard;
			sourceTree = "<group>";
		};
/* End PBXVariantGroup section */

/* Begin XCBuildConfiguration section */
		049E9B932799AFE000C1C376 /* Debug */ = {
			isa = XCBuildConfiguration;
			buildSettings = {
				ALWAYS_SEARCH_USER_PATHS = NO;
				CLANG_ANALYZER_NONNULL = YES;
				CLANG_ANALYZER_NUMBER_OBJECT_CONVERSION = YES_AGGRESSIVE;
				CLANG_CXX_LANGUAGE_STANDARD = "gnu++14";
				CLANG_CXX_LIBRARY = "libc++";
				CLANG_ENABLE_MODULES = YES;
				CLANG_ENABLE_OBJC_ARC = YES;
				CLANG_ENABLE_OBJC_WEAK = YES;
				CLANG_WARN_BLOCK_CAPTURE_AUTORELEASING = YES;
				CLANG_WARN_BOOL_CONVERSION = YES;
				CLANG_WARN_COMMA = YES;
				CLANG_WARN_CONSTANT_CONVERSION = YES;
				CLANG_WARN_DEPRECATED_OBJC_IMPLEMENTATIONS = YES;
				CLANG_WARN_DIRECT_OBJC_ISA_USAGE = YES_ERROR;
				CLANG_WARN_DOCUMENTATION_COMMENTS = YES;
				CLANG_WARN_EMPTY_BODY = YES;
				CLANG_WARN_ENUM_CONVERSION = YES;
				CLANG_WARN_INFINITE_RECURSION = YES;
				CLANG_WARN_INT_CONVERSION = YES;
				CLANG_WARN_NON_LITERAL_NULL_CONVERSION = YES;
				CLANG_WARN_OBJC_IMPLICIT_RETAIN_SELF = YES;
				CLANG_WARN_OBJC_LITERAL_CONVERSION = YES;
				CLANG_WARN_OBJC_ROOT_CLASS = YES_ERROR;
				CLANG_WARN_QUOTED_INCLUDE_IN_FRAMEWORK_HEADER = YES;
				CLANG_WARN_RANGE_LOOP_ANALYSIS = YES;
				CLANG_WARN_STRICT_PROTOTYPES = YES;
				CLANG_WARN_SUSPICIOUS_MOVE = YES;
				CLANG_WARN_UNGUARDED_AVAILABILITY = YES_AGGRESSIVE;
				CLANG_WARN_UNREACHABLE_CODE = YES;
				CLANG_WARN__DUPLICATE_METHOD_MATCH = YES;
				COPY_PHASE_STRIP = NO;
				DEBUG_INFORMATION_FORMAT = dwarf;
				ENABLE_STRICT_OBJC_MSGSEND = YES;
				ENABLE_TESTABILITY = YES;
				GCC_C_LANGUAGE_STANDARD = gnu11;
				GCC_DYNAMIC_NO_PIC = NO;
				GCC_NO_COMMON_BLOCKS = YES;
				GCC_OPTIMIZATION_LEVEL = 0;
				GCC_PREPROCESSOR_DEFINITIONS = (
					"DEBUG=1",
					"$(inherited)",
				);
				GCC_WARN_64_TO_32_BIT_CONVERSION = YES;
				GCC_WARN_ABOUT_RETURN_TYPE = YES_ERROR;
				GCC_WARN_UNDECLARED_SELECTOR = YES;
				GCC_WARN_UNINITIALIZED_AUTOS = YES_AGGRESSIVE;
				GCC_WARN_UNUSED_FUNCTION = YES;
				GCC_WARN_UNUSED_VARIABLE = YES;
				IPHONEOS_DEPLOYMENT_TARGET = 14.5;
				MTL_ENABLE_DEBUG_INFO = INCLUDE_SOURCE;
				MTL_FAST_MATH = YES;
				ONLY_ACTIVE_ARCH = YES;
				SDKROOT = iphoneos;
			};
			name = Debug;
		};
		049E9B942799AFE000C1C376 /* Release */ = {
			isa = XCBuildConfiguration;
			buildSettings = {
				ALWAYS_SEARCH_USER_PATHS = NO;
				CLANG_ANALYZER_NONNULL = YES;
				CLANG_ANALYZER_NUMBER_OBJECT_CONVERSION = YES_AGGRESSIVE;
				CLANG_CXX_LANGUAGE_STANDARD = "gnu++14";
				CLANG_CXX_LIBRARY = "libc++";
				CLANG_ENABLE_MODULES = YES;
				CLANG_ENABLE_OBJC_ARC = YES;
				CLANG_ENABLE_OBJC_WEAK = YES;
				CLANG_WARN_BLOCK_CAPTURE_AUTORELEASING = YES;
				CLANG_WARN_BOOL_CONVERSION = YES;
				CLANG_WARN_COMMA = YES;
				CLANG_WARN_CONSTANT_CONVERSION = YES;
				CLANG_WARN_DEPRECATED_OBJC_IMPLEMENTATIONS = YES;
				CLANG_WARN_DIRECT_OBJC_ISA_USAGE = YES_ERROR;
				CLANG_WARN_DOCUMENTATION_COMMENTS = YES;
				CLANG_WARN_EMPTY_BODY = YES;
				CLANG_WARN_ENUM_CONVERSION = YES;
				CLANG_WARN_INFINITE_RECURSION = YES;
				CLANG_WARN_INT_CONVERSION = YES;
				CLANG_WARN_NON_LITERAL_NULL_CONVERSION = YES;
				CLANG_WARN_OBJC_IMPLICIT_RETAIN_SELF = YES;
				CLANG_WARN_OBJC_LITERAL_CONVERSION = YES;
				CLANG_WARN_OBJC_ROOT_CLASS = YES_ERROR;
				CLANG_WARN_QUOTED_INCLUDE_IN_FRAMEWORK_HEADER = YES;
				CLANG_WARN_RANGE_LOOP_ANALYSIS = YES;
				CLANG_WARN_STRICT_PROTOTYPES = YES;
				CLANG_WARN_SUSPICIOUS_MOVE = YES;
				CLANG_WARN_UNGUARDED_AVAILABILITY = YES_AGGRESSIVE;
				CLANG_WARN_UNREACHABLE_CODE = YES;
				CLANG_WARN__DUPLICATE_METHOD_MATCH = YES;
				COPY_PHASE_STRIP = NO;
				DEBUG_INFORMATION_FORMAT = "dwarf-with-dsym";
				ENABLE_NS_ASSERTIONS = NO;
				ENABLE_STRICT_OBJC_MSGSEND = YES;
				GCC_C_LANGUAGE_STANDARD = gnu11;
				GCC_NO_COMMON_BLOCKS = YES;
				GCC_WARN_64_TO_32_BIT_CONVERSION = YES;
				GCC_WARN_ABOUT_RETURN_TYPE = YES_ERROR;
				GCC_WARN_UNDECLARED_SELECTOR = YES;
				GCC_WARN_UNINITIALIZED_AUTOS = YES_AGGRESSIVE;
				GCC_WARN_UNUSED_FUNCTION = YES;
				GCC_WARN_UNUSED_VARIABLE = YES;
				IPHONEOS_DEPLOYMENT_TARGET = 14.5;
				MTL_ENABLE_DEBUG_INFO = NO;
				MTL_FAST_MATH = YES;
				SDKROOT = iphoneos;
				VALIDATE_PRODUCT = YES;
			};
			name = Release;
		};
		049E9B962799AFE000C1C376 /* Debug */ = {
			isa = XCBuildConfiguration;
			baseConfigurationReference = D9DF9E0AB5E72108F41B5063 /* Pods-ZZMemorialDay.debug.xcconfig */;
			buildSettings = {
				ASSETCATALOG_COMPILER_APPICON_NAME = AppIcon;
				ASSETCATALOG_COMPILER_GLOBAL_ACCENT_COLOR_NAME = AccentColor;
				CODE_SIGN_STYLE = Automatic;
				DEVELOPMENT_TEAM = 2DD69CFJXS;
				INFOPLIST_FILE = ZZMemorialDay/Info.plist;
				IPHONEOS_DEPLOYMENT_TARGET = 10.0;
				LD_RUNPATH_SEARCH_PATHS = (
					"$(inherited)",
					"@executable_path/Frameworks",
				);
				MARKETING_VERSION = 1.1.0;
				PRODUCT_BUNDLE_IDENTIFIER = com.memorialDay.www.ZZMemor;
				PRODUCT_NAME = "$(TARGET_NAME)";
				TARGETED_DEVICE_FAMILY = 1;
			};
			name = Debug;
		};
		049E9B972799AFE000C1C376 /* Release */ = {
			isa = XCBuildConfiguration;
			baseConfigurationReference = 64C396B707202FA90A7ADD15 /* Pods-ZZMemorialDay.release.xcconfig */;
			buildSettings = {
				ASSETCATALOG_COMPILER_APPICON_NAME = AppIcon;
				ASSETCATALOG_COMPILER_GLOBAL_ACCENT_COLOR_NAME = AccentColor;
				CODE_SIGN_STYLE = Automatic;
				DEVELOPMENT_TEAM = 2DD69CFJXS;
				INFOPLIST_FILE = ZZMemorialDay/Info.plist;
				IPHONEOS_DEPLOYMENT_TARGET = 10.0;
				LD_RUNPATH_SEARCH_PATHS = (
					"$(inherited)",
					"@executable_path/Frameworks",
				);
				MARKETING_VERSION = 1.1.0;
				PRODUCT_BUNDLE_IDENTIFIER = com.memorialDay.www.ZZMemor;
				PRODUCT_NAME = "$(TARGET_NAME)";
				TARGETED_DEVICE_FAMILY = 1;
			};
			name = Release;
		};
		049E9B992799AFE000C1C376 /* Debug */ = {
			isa = XCBuildConfiguration;
			baseConfigurationReference = F0651D91342B1F0575165A3D /* Pods-ZZMemorialDayTests.debug.xcconfig */;
			buildSettings = {
				BUNDLE_LOADER = "$(TEST_HOST)";
				CODE_SIGN_STYLE = Automatic;
				DEVELOPMENT_TEAM = GT792YJWB5;
				INFOPLIST_FILE = ZZMemorialDayTests/Info.plist;
				IPHONEOS_DEPLOYMENT_TARGET = 14.5;
				LD_RUNPATH_SEARCH_PATHS = (
					"$(inherited)",
					"@executable_path/Frameworks",
					"@loader_path/Frameworks",
				);
				PRODUCT_BUNDLE_IDENTIFIER = com.memorialDay.www.ZZMemorialDayTests;
				PRODUCT_NAME = "$(TARGET_NAME)";
				TARGETED_DEVICE_FAMILY = "1,2";
				TEST_HOST = "$(BUILT_PRODUCTS_DIR)/ZZMemorialDay.app/ZZMemorialDay";
			};
			name = Debug;
		};
		049E9B9A2799AFE000C1C376 /* Release */ = {
			isa = XCBuildConfiguration;
			baseConfigurationReference = 2507AF430BE78CAE4ADEA509 /* Pods-ZZMemorialDayTests.release.xcconfig */;
			buildSettings = {
				BUNDLE_LOADER = "$(TEST_HOST)";
				CODE_SIGN_STYLE = Automatic;
				DEVELOPMENT_TEAM = GT792YJWB5;
				INFOPLIST_FILE = ZZMemorialDayTests/Info.plist;
				IPHONEOS_DEPLOYMENT_TARGET = 14.5;
				LD_RUNPATH_SEARCH_PATHS = (
					"$(inherited)",
					"@executable_path/Frameworks",
					"@loader_path/Frameworks",
				);
				PRODUCT_BUNDLE_IDENTIFIER = com.memorialDay.www.ZZMemorialDayTests;
				PRODUCT_NAME = "$(TARGET_NAME)";
				TARGETED_DEVICE_FAMILY = "1,2";
				TEST_HOST = "$(BUILT_PRODUCTS_DIR)/ZZMemorialDay.app/ZZMemorialDay";
			};
			name = Release;
		};
		049E9B9C2799AFE000C1C376 /* Debug */ = {
			isa = XCBuildConfiguration;
			baseConfigurationReference = 21DE4141C918D7C853B0D405 /* Pods-ZZMemorialDay-ZZMemorialDayUITests.debug.xcconfig */;
			buildSettings = {
				CODE_SIGN_STYLE = Automatic;
				DEVELOPMENT_TEAM = GT792YJWB5;
				INFOPLIST_FILE = ZZMemorialDayUITests/Info.plist;
				LD_RUNPATH_SEARCH_PATHS = (
					"$(inherited)",
					"@executable_path/Frameworks",
					"@loader_path/Frameworks",
				);
				PRODUCT_BUNDLE_IDENTIFIER = com.memorialDay.www.ZZMemorialDayUITests;
				PRODUCT_NAME = "$(TARGET_NAME)";
				TARGETED_DEVICE_FAMILY = "1,2";
				TEST_TARGET_NAME = ZZMemorialDay;
			};
			name = Debug;
		};
		049E9B9D2799AFE000C1C376 /* Release */ = {
			isa = XCBuildConfiguration;
			baseConfigurationReference = A526823CCC47FF0B87A0077B /* Pods-ZZMemorialDay-ZZMemorialDayUITests.release.xcconfig */;
			buildSettings = {
				CODE_SIGN_STYLE = Automatic;
				DEVELOPMENT_TEAM = GT792YJWB5;
				INFOPLIST_FILE = ZZMemorialDayUITests/Info.plist;
				LD_RUNPATH_SEARCH_PATHS = (
					"$(inherited)",
					"@executable_path/Frameworks",
					"@loader_path/Frameworks",
				);
				PRODUCT_BUNDLE_IDENTIFIER = com.memorialDay.www.ZZMemorialDayUITests;
				PRODUCT_NAME = "$(TARGET_NAME)";
				TARGETED_DEVICE_FAMILY = "1,2";
				TEST_TARGET_NAME = ZZMemorialDay;
			};
			name = Release;
		};
/* End XCBuildConfiguration section */

/* Begin XCConfigurationList section */
		049E9B612799AFDC00C1C376 /* Build configuration list for PBXProject "ZZMemorialDay" */ = {
			isa = XCConfigurationList;
			buildConfigurations = (
				049E9B932799AFE000C1C376 /* Debug */,
				049E9B942799AFE000C1C376 /* Release */,
			);
			defaultConfigurationIsVisible = 0;
			defaultConfigurationName = Release;
		};
		049E9B952799AFE000C1C376 /* Build configuration list for PBXNativeTarget "ZZMemorialDay" */ = {
			isa = XCConfigurationList;
			buildConfigurations = (
				049E9B962799AFE000C1C376 /* Debug */,
				049E9B972799AFE000C1C376 /* Release */,
			);
			defaultConfigurationIsVisible = 0;
			defaultConfigurationName = Release;
		};
		049E9B982799AFE000C1C376 /* Build configuration list for PBXNativeTarget "ZZMemorialDayTests" */ = {
			isa = XCConfigurationList;
			buildConfigurations = (
				049E9B992799AFE000C1C376 /* Debug */,
				049E9B9A2799AFE000C1C376 /* Release */,
			);
			defaultConfigurationIsVisible = 0;
			defaultConfigurationName = Release;
		};
		049E9B9B2799AFE000C1C376 /* Build configuration list for PBXNativeTarget "ZZMemorialDayUITests" */ = {
			isa = XCConfigurationList;
			buildConfigurations = (
				049E9B9C2799AFE000C1C376 /* Debug */,
				049E9B9D2799AFE000C1C376 /* Release */,
			);
			defaultConfigurationIsVisible = 0;
			defaultConfigurationName = Release;
		};
/* End XCConfigurationList section */

/* Begin XCVersionGroup section */
		040E98FC279D83600070B5E6 /* Diary_WhatsUrName_.xcdatamodeld */ = {
			isa = XCVersionGroup;
			children = (
				040E98FD279D83600070B5E6 /* Diary_WhatsUrName_.xcdatamodel */,
			);
			currentVersion = 040E98FD279D83600070B5E6 /* Diary_WhatsUrName_.xcdatamodel */;
			path = Diary_WhatsUrName_.xcdatamodeld;
			sourceTree = "<group>";
			versionGroupType = wrapper.xcdatamodel;
		};
/* End XCVersionGroup section */
	};
	rootObject = 049E9B5E2799AFDC00C1C376 /* Project object */;
}
